PODS:
  - com.awareframework.ios.sensor.core (0.7.1):
    - Networking (~> 5.1.0)
    - RealmSwift (~> 20.0.0)
    - SwiftyJSON (~> 5.0.1)
  - com.awareframework.ios.sensor.ibeacon (0.7.0):
    - com.awareframework.ios.sensor.core (~> 0.7)
  - Networking (5.1.0)
  - Realm (20.0.0):
    - Realm/Headers (= 20.0.0)
  - Realm/Headers (20.0.0)
  - RealmSwift (20.0.0):
    - Realm (= 20.0.0)
  - SwiftyJSON (5.0.2)

DEPENDENCIES:
  - com.awareframework.ios.sensor.ibeacon (from `../`)

SPEC REPOS:
  trunk:
    - com.awareframework.ios.sensor.core
    - Networking
    - Realm
    - RealmSwift
    - SwiftyJSON

EXTERNAL SOURCES:
  com.awareframework.ios.sensor.ibeacon:
    :path: "../"

SPEC CHECKSUMS:
  com.awareframework.ios.sensor.core: e65152edd5ea5a860cb4467aad9ff83c769cf8e3
  com.awareframework.ios.sensor.ibeacon: 743d546b241332d14bfc34e159510c6490d2358a
  Networking: 85b2a0c2d3b6eb548f4eec9880f5f3c49e6b0959
  Realm: a799b5f9145623fb0bfe149fe81422863631dd0f
  RealmSwift: f8c4354ebd5053343e6ab9f4eda244145308a51e
  SwiftyJSON: f5b1bf1cd8dd53cd25887ac0eabcfd92301c6a5a

PODFILE CHECKSUM: 11ac29a17c65e455e23aca8008a8f6725123958a

COCOAPODS: 1.15.2
